
Microsoft Visual Studio Solution File, Format Version 12.00
# Visual Studio 2013
VisualStudioVersion = 12.0.31101.0
MinimumVisualStudioVersion = 10.0.40219.1
Project("{FAE04EC0-301F-11D3-BF4B-00C04F79EFBC}") = "DecoratorPattern", "DecoratorPattern\DecoratorPattern.csproj", "{37A3FC2A-38B2-4D80-9CC0-73C1A3533BA8}"
EndProject
Project("{FAE04EC0-301F-11D3-BF4B-00C04F79EFBC}") = "DecoratorPattern_2", "DecoratorPattern_2\DecoratorPattern_2.csproj", "{18421FF8-4883-4F9F-870C-60F2BDB7662E}"
EndProject
Project("{FAE04EC0-301F-11D3-BF4B-00C04F79EFBC}") = "DecoratorPattern_3", "DecoratorPattern_3\DecoratorPattern_3.csproj", "{E705B231-F68A-432F-B2C2-BAEE94855E16}"
EndProject
Project("{FAE04EC0-301F-11D3-BF4B-00C04F79EFBC}") = "DecoratorPattern_4", "DecoratorPattern_4\DecoratorPattern_4.csproj", "{C5D635F2-4A6E-42CF-8F6F-C8E7483E321D}"
EndProject
Project("{2150E333-8FDC-42A3-9474-1A3956D46DE8}") = "0_Problem", "0_Problem", "{F4BEB591-305A-4CE3-A5D1-CA974FC344AD}"
EndProject
Project("{2150E333-8FDC-42A3-9474-1A3956D46DE8}") = "Rozwiązanie", "Rozwiązanie", "{07B720E4-0F17-4FAE-834F-4D899E2EE712}"
EndProject
Project("{FAE04EC0-301F-11D3-BF4B-00C04F79EFBC}") = "DecoratorPattern_5_UsingCastleContainer", "DecoratorPattern_5\DecoratorPattern_5_UsingCastleContainer.csproj", "{C3BEEC3A-148F-4BDF-95DF-E73F1D7EAF50}"
EndProject
Global
	GlobalSection(SolutionConfigurationPlatforms) = preSolution
		Debug|Any CPU = Debug|Any CPU
		Release|Any CPU = Release|Any CPU
	EndGlobalSection
	GlobalSection(ProjectConfigurationPlatforms) = postSolution
		{37A3FC2A-38B2-4D80-9CC0-73C1A3533BA8}.Debug|Any CPU.ActiveCfg = Debug|Any CPU
		{37A3FC2A-38B2-4D80-9CC0-73C1A3533BA8}.Debug|Any CPU.Build.0 = Debug|Any CPU
		{37A3FC2A-38B2-4D80-9CC0-73C1A3533BA8}.Release|Any CPU.ActiveCfg = Release|Any CPU
		{37A3FC2A-38B2-4D80-9CC0-73C1A3533BA8}.Release|Any CPU.Build.0 = Release|Any CPU
		{18421FF8-4883-4F9F-870C-60F2BDB7662E}.Debug|Any CPU.ActiveCfg = Debug|Any CPU
		{18421FF8-4883-4F9F-870C-60F2BDB7662E}.Debug|Any CPU.Build.0 = Debug|Any CPU
		{18421FF8-4883-4F9F-870C-60F2BDB7662E}.Release|Any CPU.ActiveCfg = Release|Any CPU
		{18421FF8-4883-4F9F-870C-60F2BDB7662E}.Release|Any CPU.Build.0 = Release|Any CPU
		{E705B231-F68A-432F-B2C2-BAEE94855E16}.Debug|Any CPU.ActiveCfg = Debug|Any CPU
		{E705B231-F68A-432F-B2C2-BAEE94855E16}.Debug|Any CPU.Build.0 = Debug|Any CPU
		{E705B231-F68A-432F-B2C2-BAEE94855E16}.Release|Any CPU.ActiveCfg = Release|Any CPU
		{E705B231-F68A-432F-B2C2-BAEE94855E16}.Release|Any CPU.Build.0 = Release|Any CPU
		{C5D635F2-4A6E-42CF-8F6F-C8E7483E321D}.Debug|Any CPU.ActiveCfg = Debug|Any CPU
		{C5D635F2-4A6E-42CF-8F6F-C8E7483E321D}.Debug|Any CPU.Build.0 = Debug|Any CPU
		{C5D635F2-4A6E-42CF-8F6F-C8E7483E321D}.Release|Any CPU.ActiveCfg = Release|Any CPU
		{C5D635F2-4A6E-42CF-8F6F-C8E7483E321D}.Release|Any CPU.Build.0 = Release|Any CPU
		{C3BEEC3A-148F-4BDF-95DF-E73F1D7EAF50}.Debug|Any CPU.ActiveCfg = Debug|Any CPU
		{C3BEEC3A-148F-4BDF-95DF-E73F1D7EAF50}.Debug|Any CPU.Build.0 = Debug|Any CPU
		{C3BEEC3A-148F-4BDF-95DF-E73F1D7EAF50}.Release|Any CPU.ActiveCfg = Release|Any CPU
		{C3BEEC3A-148F-4BDF-95DF-E73F1D7EAF50}.Release|Any CPU.Build.0 = Release|Any CPU
	EndGlobalSection
	GlobalSection(SolutionProperties) = preSolution
		HideSolutionNode = FALSE
	EndGlobalSection
	GlobalSection(NestedProjects) = preSolution
		{37A3FC2A-38B2-4D80-9CC0-73C1A3533BA8} = {F4BEB591-305A-4CE3-A5D1-CA974FC344AD}
		{18421FF8-4883-4F9F-870C-60F2BDB7662E} = {F4BEB591-305A-4CE3-A5D1-CA974FC344AD}
		{E705B231-F68A-432F-B2C2-BAEE94855E16} = {07B720E4-0F17-4FAE-834F-4D899E2EE712}
		{C5D635F2-4A6E-42CF-8F6F-C8E7483E321D} = {07B720E4-0F17-4FAE-834F-4D899E2EE712}
	EndGlobalSection
EndGlobal
